
Microsoft Visual Studio Solution File, Format Version 12.00
# Visual Studio Version 17
VisualStudioVersion = 17.8.34322.80
MinimumVisualStudioVersion = 10.0.40219.1
Project("{FAE04EC0-301F-11D3-BF4B-00C04F79EFBC}") = "TujjorBot", "TujjorBot\TujjorBot.csproj", "{4D29BEA0-6A6E-4AAF-ADBC-5C756D578658}"
EndProject
Global
	GlobalSection(SolutionConfigurationPlatforms) = preSolution
		Debug|Any CPU = Debug|Any CPU
		Release|Any CPU = Release|Any CPU
	EndGlobalSection
	GlobalSection(ProjectConfigurationPlatforms) = postSolution
		{4D29BEA0-6A6E-4AAF-ADBC-5C756D578658}.Debug|Any CPU.ActiveCfg = Debug|Any CPU
		{4D29BEA0-6A6E-4AAF-ADBC-5C756D578658}.Debug|Any CPU.Build.0 = Debug|Any CPU
		{4D29BEA0-6A6E-4AAF-ADBC-5C756D578658}.Release|Any CPU.ActiveCfg = Release|Any CPU
		{4D29BEA0-6A6E-4AAF-ADBC-5C756D578658}.Release|Any CPU.Build.0 = Release|Any CPU
	EndGlobalSection
	GlobalSection(SolutionProperties) = preSolution
		HideSolutionNode = FALSE
	EndGlobalSection
	GlobalSection(ExtensibilityGlobals) = postSolution
		SolutionGuid = {80C8EB3F-FFA9-43B2-9481-AE884C1C3402}
	EndGlobalSection
EndGlobal
